
Microsoft Visual Studio Solution File, Format Version 12.00
# Visual Studio Version 16
VisualStudioVersion = 16.0.32510.428
MinimumVisualStudioVersion = 10.0.40219.1
Project("{9A19103F-16F7-4668-BE54-9A1E7A4F7556}") = "3", "3\3.csproj", "{219F602C-E665-4F2B-8535-B2C7E83B8D8B}"
EndProject
Project("{FAE04EC0-301F-11D3-BF4B-00C04F79EFBC}") = "1.real", "1.real\1.real.csproj", "{27501BF9-AD1C-4BED-98E3-18C4EF2B0A75}"
EndProject
Project("{9A19103F-16F7-4668-BE54-9A1E7A4F7556}") = "2", "2\2.csproj", "{CA9DD6E4-DA8E-4CA5-BCDF-2D1B636A70B5}"
EndProject
Global
	GlobalSection(SolutionConfigurationPlatforms) = preSolution
		Debug|Any CPU = Debug|Any CPU
		Release|Any CPU = Release|Any CPU
	EndGlobalSection
	GlobalSection(ProjectConfigurationPlatforms) = postSolution
		{219F602C-E665-4F2B-8535-B2C7E83B8D8B}.Debug|Any CPU.ActiveCfg = Debug|Any CPU
		{219F602C-E665-4F2B-8535-B2C7E83B8D8B}.Debug|Any CPU.Build.0 = Debug|Any CPU
		{219F602C-E665-4F2B-8535-B2C7E83B8D8B}.Release|Any CPU.ActiveCfg = Release|Any CPU
		{219F602C-E665-4F2B-8535-B2C7E83B8D8B}.Release|Any CPU.Build.0 = Release|Any CPU
		{27501BF9-AD1C-4BED-98E3-18C4EF2B0A75}.Debug|Any CPU.ActiveCfg = Debug|Any CPU
		{27501BF9-AD1C-4BED-98E3-18C4EF2B0A75}.Debug|Any CPU.Build.0 = Debug|Any CPU
		{27501BF9-AD1C-4BED-98E3-18C4EF2B0A75}.Release|Any CPU.ActiveCfg = Release|Any CPU
		{27501BF9-AD1C-4BED-98E3-18C4EF2B0A75}.Release|Any CPU.Build.0 = Release|Any CPU
		{CA9DD6E4-DA8E-4CA5-BCDF-2D1B636A70B5}.Debug|Any CPU.ActiveCfg = Debug|Any CPU
		{CA9DD6E4-DA8E-4CA5-BCDF-2D1B636A70B5}.Debug|Any CPU.Build.0 = Debug|Any CPU
		{CA9DD6E4-DA8E-4CA5-BCDF-2D1B636A70B5}.Release|Any CPU.ActiveCfg = Release|Any CPU
		{CA9DD6E4-DA8E-4CA5-BCDF-2D1B636A70B5}.Release|Any CPU.Build.0 = Release|Any CPU
	EndGlobalSection
	GlobalSection(SolutionProperties) = preSolution
		HideSolutionNode = FALSE
	EndGlobalSection
	GlobalSection(ExtensibilityGlobals) = postSolution
		SolutionGuid = {D50F5EBC-D622-4E75-B61F-80F0F1980AC7}
	EndGlobalSection
EndGlobal
